
Microsoft Visual Studio Solution File, Format Version 12.00
# Visual Studio Version 17
VisualStudioVersion = 17.12.35707.178
MinimumVisualStudioVersion = 10.0.40219.1
Project("{FAE04EC0-301F-11D3-BF4B-00C04F79EFBC}") = "Task_1", "Task_1\Task_1.csproj", "{12615BDB-053E-4E33-A032-A78308857DC6}"
EndProject
Project("{FAE04EC0-301F-11D3-BF4B-00C04F79EFBC}") = "optinal task (practice)", "optinal task (practice)\optinal task (practice).csproj", "{F8C9A772-044F-4913-83B3-48272C131059}"
EndProject
Project("{FAE04EC0-301F-11D3-BF4B-00C04F79EFBC}") = "Task_2", "Task_2\Task_2.csproj", "{0A8F2EC1-925C-4CE3-8B7C-F3F6D2ACB7BF}"
EndProject
Project("{FAE04EC0-301F-11D3-BF4B-00C04F79EFBC}") = "Task_3", "Task_3\Task_3.csproj", "{39CFDDDA-82DE-44B0-91F7-F753DF0CC48A}"
EndProject
Global
	GlobalSection(SolutionConfigurationPlatforms) = preSolution
		Debug|Any CPU = Debug|Any CPU
		Release|Any CPU = Release|Any CPU
	EndGlobalSection
	GlobalSection(ProjectConfigurationPlatforms) = postSolution
		{12615BDB-053E-4E33-A032-A78308857DC6}.Debug|Any CPU.ActiveCfg = Debug|Any CPU
		{12615BDB-053E-4E33-A032-A78308857DC6}.Debug|Any CPU.Build.0 = Debug|Any CPU
		{12615BDB-053E-4E33-A032-A78308857DC6}.Release|Any CPU.ActiveCfg = Release|Any CPU
		{12615BDB-053E-4E33-A032-A78308857DC6}.Release|Any CPU.Build.0 = Release|Any CPU
		{F8C9A772-044F-4913-83B3-48272C131059}.Debug|Any CPU.ActiveCfg = Debug|Any CPU
		{F8C9A772-044F-4913-83B3-48272C131059}.Debug|Any CPU.Build.0 = Debug|Any CPU
		{F8C9A772-044F-4913-83B3-48272C131059}.Release|Any CPU.ActiveCfg = Release|Any CPU
		{F8C9A772-044F-4913-83B3-48272C131059}.Release|Any CPU.Build.0 = Release|Any CPU
		{0A8F2EC1-925C-4CE3-8B7C-F3F6D2ACB7BF}.Debug|Any CPU.ActiveCfg = Debug|Any CPU
		{0A8F2EC1-925C-4CE3-8B7C-F3F6D2ACB7BF}.Debug|Any CPU.Build.0 = Debug|Any CPU
		{0A8F2EC1-925C-4CE3-8B7C-F3F6D2ACB7BF}.Release|Any CPU.ActiveCfg = Release|Any CPU
		{0A8F2EC1-925C-4CE3-8B7C-F3F6D2ACB7BF}.Release|Any CPU.Build.0 = Release|Any CPU
		{39CFDDDA-82DE-44B0-91F7-F753DF0CC48A}.Debug|Any CPU.ActiveCfg = Debug|Any CPU
		{39CFDDDA-82DE-44B0-91F7-F753DF0CC48A}.Debug|Any CPU.Build.0 = Debug|Any CPU
		{39CFDDDA-82DE-44B0-91F7-F753DF0CC48A}.Release|Any CPU.ActiveCfg = Release|Any CPU
		{39CFDDDA-82DE-44B0-91F7-F753DF0CC48A}.Release|Any CPU.Build.0 = Release|Any CPU
	EndGlobalSection
	GlobalSection(SolutionProperties) = preSolution
		HideSolutionNode = FALSE
	EndGlobalSection
EndGlobal
